// !$*UTF8*$!
{
	archiveVersion = 1;
	classes = {
	};
	objectVersion = 50;
	objects = {

/* Begin PBXBuildFile section */
		F71DED4F21F95B5E00944C45 /* BNRAppDelegate.m in Sources */ = {isa = PBXBuildFile; fileRef = F71DED4E21F95B5E00944C45 /* BNRAppDelegate.m */; };
		F71DED5221F95B5E00944C45 /* BNRViewController.m in Sources */ = {isa = PBXBuildFile; fileRef = F71DED5121F95B5E00944C45 /* BNRViewController.m */; };
		F71DED5521F95B5E00944C45 /* Main.storyboard in Resources */ = {isa = PBXBuildFile; fileRef = F71DED5321F95B5E00944C45 /* Main.storyboard */; };
		F71DED5721F95B5E00944C45 /* Assets.xcassets in Resources */ = {isa = PBXBuildFile; fileRef = F71DED5621F95B5E00944C45 /* Assets.xcassets */; };
		F71DED5A21F95B5E00944C45 /* LaunchScreen.storyboard in Resources */ = {isa = PBXBuildFile; fileRef = F71DED5821F95B5E00944C45 /* LaunchScreen.storyboard */; };
		F71DED5D21F95B5E00944C45 /* main.m in Sources */ = {isa = PBXBuildFile; fileRef = F71DED5C21F95B5E00944C45 /* main.m */; };
		F71DED6621F95BFD00944C45 /* BNRQuizViewController.m in Sources */ = {isa = PBXBuildFile; fileRef = F71DED6421F95BFD00944C45 /* BNRQuizViewController.m */; };
		F71DED6721F95BFD00944C45 /* BNRQuizViewController.xib in Resources */ = {isa = PBXBuildFile; fileRef = F71DED6521F95BFD00944C45 /* BNRQuizViewController.xib */; };
/* End PBXBuildFile section */

/* Begin PBXFileReference section */
		F71DED4A21F95B5E00944C45 /* Quiz.app */ = {isa = PBXFileReference; explicitFileType = wrapper.application; includeInIndex = 0; path = Quiz.app; sourceTree = BUILT_PRODUCTS_DIR; };
		F71DED4D21F95B5E00944C45 /* BNRAppDelegate.h */ = {isa = PBXFileReference; lastKnownFileType = sourcecode.c.h; path = BNRAppDelegate.h; sourceTree = "<group>"; };
		F71DED4E21F95B5E00944C45 /* BNRAppDelegate.m */ = {isa = PBXFileReference; lastKnownFileType = sourcecode.c.objc; path = BNRAppDelegate.m; sourceTree = "<group>"; };
		F71DED5021F95B5E00944C45 /* BNRViewController.h */ = {isa = PBXFileReference; lastKnownFileType = sourcecode.c.h; path = BNRViewController.h; sourceTree = "<group>"; };
		F71DED5121F95B5E00944C45 /* BNRViewController.m */ = {isa = PBXFileReference; lastKnownFileType = sourcecode.c.objc; path = BNRViewController.m; sourceTree = "<group>"; };
		F71DED5421F95B5E00944C45 /* Base */ = {isa = PBXFileReference; lastKnownFileType = file.storyboard; name = Base; path = Base.lproj/Main.storyboard; sourceTree = "<group>"; };
		F71DED5621F95B5E00944C45 /* Assets.xcassets */ = {isa = PBXFileReference; lastKnownFileType = folder.assetcatalog; path = Assets.xcassets; sourceTree = "<group>"; };
		F71DED5921F95B5E00944C45 /* Base */ = {isa = PBXFileReference; lastKnownFileType = file.storyboard; name = Base; path = Base.lproj/LaunchScreen.storyboard; sourceTree = "<group>"; };
		F71DED5B21F95B5E00944C45 /* Info.plist */ = {isa = PBXFileReference; lastKnownFileType = text.plist.xml; path = Info.plist; sourceTree = "<group>"; };
		F71DED5C21F95B5E00944C45 /* main.m */ = {isa = PBXFileReference; lastKnownFileType = sourcecode.c.objc; path = main.m; sourceTree = "<group>"; };
		F71DED6321F95BFD00944C45 /* BNRQuizViewController.h */ = {isa = PBXFileReference; lastKnownFileType = sourcecode.c.h; path = BNRQuizViewController.h; sourceTree = "<group>"; };
		F71DED6421F95BFD00944C45 /* BNRQuizViewController.m */ = {isa = PBXFileReference; lastKnownFileType = sourcecode.c.objc; path = BNRQuizViewController.m; sourceTree = "<group>"; };
		F71DED6521F95BFD00944C45 /* BNRQuizViewController.xib */ = {isa = PBXFileReference; lastKnownFileType = file.xib; path = BNRQuizViewController.xib; sourceTree = "<group>"; };
/* End PBXFileReference section */

/* Begin PBXFrameworksBuildPhase section */
		F71DED4721F95B5E00944C45 /* Frameworks */ = {
			isa = PBXFrameworksBuildPhase;
			buildActionMask = 2147483647;
			files = (
			);
			runOnlyForDeploymentPostprocessing = 0;
		};
/* End PBXFrameworksBuildPhase section */

/* Begin PBXGroup section */
		F71DED4121F95B5E00944C45 = {
			isa = PBXGroup;
			children = (
				F71DED4C21F95B5E00944C45 /* Quiz */,
				F71DED4B21F95B5E00944C45 /* Products */,
			);
			sourceTree = "<group>";
		};
		F71DED4B21F95B5E00944C45 /* Products */ = {
			isa = PBXGroup;
			children = (
				F71DED4A21F95B5E00944C45 /* Quiz.app */,
			);
			name = Products;
			sourceTree = "<group>";
		};
		F71DED4C21F95B5E00944C45 /* Quiz */ = {
			isa = PBXGroup;
			children = (
				F71DED6321F95BFD00944C45 /* BNRQuizViewController.h */,
				F71DED6421F95BFD00944C45 /* BNRQuizViewController.m */,
				F71DED6521F95BFD00944C45 /* BNRQuizViewController.xib */,
				F71DED4D21F95B5E00944C45 /* BNRAppDelegate.h */,
				F71DED4E21F95B5E00944C45 /* BNRAppDelegate.m */,
				F71DED5021F95B5E00944C45 /* BNRViewController.h */,
				F71DED5121F95B5E00944C45 /* BNRViewController.m */,
				F71DED5321F95B5E00944C45 /* Main.storyboard */,
				F71DED5621F95B5E00944C45 /* Assets.xcassets */,
				F71DED5821F95B5E00944C45 /* LaunchScreen.storyboard */,
				F71DED5B21F95B5E00944C45 /* Info.plist */,
				F71DED5C21F95B5E00944C45 /* main.m */,
			);
			path = Quiz;
			sourceTree = "<group>";
		};
/* End PBXGroup section */

/* Begin PBXNativeTarget section */
		F71DED4921F95B5E00944C45 /* Quiz */ = {
			isa = PBXNativeTarget;
			buildConfigurationList = F71DED6021F95B5E00944C45 /* Build configuration list for PBXNativeTarget "Quiz" */;
			buildPhases = (
				F71DED4621F95B5E00944C45 /* Sources */,
				F71DED4721F95B5E00944C45 /* Frameworks */,
				F71DED4821F95B5E00944C45 /* Resources */,
			);
			buildRules = (
			);
			dependencies = (
			);
			name = Quiz;
			productName = Quiz;
			productReference = F71DED4A21F95B5E00944C45 /* Quiz.app */;
			productType = "com.apple.product-type.application";
		};
/* End PBXNativeTarget section */

/* Begin PBXProject section */
		F71DED4221F95B5E00944C45 /* Project object */ = {
			isa = PBXProject;
			attributes = {
				CLASSPREFIX = BNR;
				LastUpgradeCheck = 1010;
				ORGANIZATIONNAME = awen;
				TargetAttributes = {
					F71DED4921F95B5E00944C45 = {
						CreatedOnToolsVersion = 10.1;
					};
				};
			};
			buildConfigurationList = F71DED4521F95B5E00944C45 /* Build configuration list for PBXProject "Quiz" */;
			compatibilityVersion = "Xcode 9.3";
			developmentRegion = en;
			hasScannedForEncodings = 0;
			knownRegions = (
				en,
				Base,
			);
			mainGroup = F71DED4121F95B5E00944C45;
			productRefGroup = F71DED4B21F95B5E00944C45 /* Products */;
			projectDirPath = "";
			projectRoot = "";
			targets = (
				F71DED4921F95B5E00944C45 /* Quiz */,
			);
		};
/* End PBXProject section */

/* Begin PBXResourcesBuildPhase section */
		F71DED4821F95B5E00944C45 /* Resources */ = {
			isa = PBXResourcesBuildPhase;
			buildActionMask = 2147483647;
			files = (
				F71DED6721F95BFD00944C45 /* BNRQuizViewController.xib in Resources */,
				F71DED5A21F95B5E00944C45 /* LaunchScreen.storyboard in Resources */,
				F71DED5721F95B5E00944C45 /* Assets.xcassets in Resources */,
				F71DED5521F95B5E00944C45 /* Main.storyboard in Resources */,
			);
			runOnlyForDeploymentPostprocessing = 0;
		};
/* End PBXResourcesBuildPhase section */

/* Begin PBXSourcesBuildPhase section */
		F71DED4621F95B5E00944C45 /* Sources */ = {
			isa = PBXSourcesBuildPhase;
			buildActionMask = 2147483647;
			files = (
				F71DED6621F95BFD00944C45 /* BNRQuizViewController.m in Sources */,
				F71DED5221F95B5E00944C45 /* BNRViewController.m in Sources */,
				F71DED5D21F95B5E00944C45 /* main.m in Sources */,
				F71DED4F21F95B5E00944C45 /* BNRAppDelegate.m in Sources */,
			);
			runOnlyForDeploymentPostprocessing = 0;
		};
/* End PBXSourcesBuildPhase section */

/* Begin PBXVariantGroup section */
		F71DED5321F95B5E00944C45 /* Main.storyboard */ = {
			isa = PBXVariantGroup;
			children = (
				F71DED5421F95B5E00944C45 /* Base */,
			);
			name = Main.storyboard;
			sourceTree = "<group>";
		};
		F71DED5821F95B5E00944C45 /* LaunchScreen.storyboard */ = {
			isa = PBXVariantGroup;
			children = (
				F71DED5921F95B5E00944C45 /* Base */,
			);
			name = LaunchScreen.storyboard;
			sourceTree = "<group>";
		};
/* End PBXVariantGroup section */

/* Begin XCBuildConfiguration section */
		F71DED5E21F95B5E00944C45 /* Debug */ = {
			isa = XCBuildConfiguration;
			buildSettings = {
				ALWAYS_SEARCH_USER_PATHS = NO;
				CLANG_ANALYZER_NONNULL = YES;
				CLANG_ANALYZER_NUMBER_OBJECT_CONVERSION = YES_AGGRESSIVE;
				CLANG_CXX_LANGUAGE_STANDARD = "gnu++14";
				CLANG_CXX_LIBRARY = "libc++";
				CLANG_ENABLE_MODULES = YES;
				CLANG_ENABLE_OBJC_ARC = YES;
				CLANG_ENABLE_OBJC_WEAK = YES;
				CLANG_WARN_BLOCK_CAPTURE_AUTORELEASING = YES;
				CLANG_WARN_BOOL_CONVERSION = YES;
				CLANG_WARN_COMMA = YES;
				CLANG_WARN_CONSTANT_CONVERSION = YES;
				CLANG_WARN_DEPRECATED_OBJC_IMPLEMENTATIONS = YES;
				CLANG_WARN_DIRECT_OBJC_ISA_USAGE = YES_ERROR;
				CLANG_WARN_DOCUMENTATION_COMMENTS = YES;
				CLANG_WARN_EMPTY_BODY = YES;
				CLANG_WARN_ENUM_CONVERSION = YES;
				CLANG_WARN_INFINITE_RECURSION = YES;
				CLANG_WARN_INT_CONVERSION = YES;
				CLANG_WARN_NON_LITERAL_NULL_CONVERSION = YES;
				CLANG_WARN_OBJC_IMPLICIT_RETAIN_SELF = YES;
				CLANG_WARN_OBJC_LITERAL_CONVERSION = YES;
				CLANG_WARN_OBJC_ROOT_CLASS = YES_ERROR;
				CLANG_WARN_RANGE_LOOP_ANALYSIS = YES;
				CLANG_WARN_STRICT_PROTOTYPES = YES;
				CLANG_WARN_SUSPICIOUS_MOVE = YES;
				CLANG_WARN_UNGUARDED_AVAILABILITY = YES_AGGRESSIVE;
				CLANG_WARN_UNREACHABLE_CODE = YES;
				CLANG_WARN__DUPLICATE_METHOD_MATCH = YES;
				CODE_SIGN_IDENTITY = "iPhone Developer";
				COPY_PHASE_STRIP = NO;
				DEBUG_INFORMATION_FORMAT = dwarf;
				ENABLE_STRICT_OBJC_MSGSEND = YES;
				ENABLE_TESTABILITY = YES;
				GCC_C_LANGUAGE_STANDARD = gnu11;
				GCC_DYNAMIC_NO_PIC = NO;
				GCC_NO_COMMON_BLOCKS = YES;
				GCC_OPTIMIZATION_LEVEL = 0;
				GCC_PREPROCESSOR_DEFINITIONS = (
					"DEBUG=1",
					"$(inherited)",
				);
				GCC_WARN_64_TO_32_BIT_CONVERSION = YES;
				GCC_WARN_ABOUT_RETURN_TYPE = YES_ERROR;
				GCC_WARN_UNDECLARED_SELECTOR = YES;
				GCC_WARN_UNINITIALIZED_AUTOS = YES_AGGRESSIVE;
				GCC_WARN_UNUSED_FUNCTION = YES;
				GCC_WARN_UNUSED_VARIABLE = YES;
				IPHONEOS_DEPLOYMENT_TARGET = 12.1;
				MTL_ENABLE_DEBUG_INFO = INCLUDE_SOURCE;
				MTL_FAST_MATH = YES;
				ONLY_ACTIVE_ARCH = YES;
				SDKROOT = iphoneos;
			};
			name = Debug;
		};
		F71DED5F21F95B5E00944C45 /* Release */ = {
			isa = XCBuildConfiguration;
			buildSettings = {
				ALWAYS_SEARCH_USER_PATHS = NO;
				CLANG_ANALYZER_NONNULL = YES;
				CLANG_ANALYZER_NUMBER_OBJECT_CONVERSION = YES_AGGRESSIVE;
				CLANG_CXX_LANGUAGE_STANDARD = "gnu++14";
				CLANG_CXX_LIBRARY = "libc++";
				CLANG_ENABLE_MODULES = YES;
				CLANG_ENABLE_OBJC_ARC = YES;
				CLANG_ENABLE_OBJC_WEAK = YES;
				CLANG_WARN_BLOCK_CAPTURE_AUTORELEASING = YES;
				CLANG_WARN_BOOL_CONVERSION = YES;
				CLANG_WARN_COMMA = YES;
				CLANG_WARN_CONSTANT_CONVERSION = YES;
				CLANG_WARN_DEPRECATED_OBJC_IMPLEMENTATIONS = YES;
				CLANG_WARN_DIRECT_OBJC_ISA_USAGE = YES_ERROR;
				CLANG_WARN_DOCUMENTATION_COMMENTS = YES;
				CLANG_WARN_EMPTY_BODY = YES;
				CLANG_WARN_ENUM_CONVERSION = YES;
				CLANG_WARN_INFINITE_RECURSION = YES;
				CLANG_WARN_INT_CONVERSION = YES;
				CLANG_WARN_NON_LITERAL_NULL_CONVERSION = YES;
				CLANG_WARN_OBJC_IMPLICIT_RETAIN_SELF = YES;
				CLANG_WARN_OBJC_LITERAL_CONVERSION = YES;
				CLANG_WARN_OBJC_ROOT_CLASS = YES_ERROR;
				CLANG_WARN_RANGE_LOOP_ANALYSIS = YES;
				CLANG_WARN_STRICT_PROTOTYPES = YES;
				CLANG_WARN_SUSPICIOUS_MOVE = YES;
				CLANG_WARN_UNGUARDED_AVAILABILITY = YES_AGGRESSIVE;
				CLANG_WARN_UNREACHABLE_CODE = YES;
				CLANG_WARN__DUPLICATE_METHOD_MATCH = YES;
				CODE_SIGN_IDENTITY = "iPhone Developer";
				COPY_PHASE_STRIP = NO;
				DEBUG_INFORMATION_FORMAT = "dwarf-with-dsym";
				ENABLE_NS_ASSERTIONS = NO;
				ENABLE_STRICT_OBJC_MSGSEND = YES;
				GCC_C_LANGUAGE_STANDARD = gnu11;
				GCC_NO_COMMON_BLOCKS = YES;
				GCC_WARN_64_TO_32_BIT_CONVERSION = YES;
				GCC_WARN_ABOUT_RETURN_TYPE = YES_ERROR;
				GCC_WARN_UNDECLARED_SELECTOR = YES;
				GCC_WARN_UNINITIALIZED_AUTOS = YES_AGGRESSIVE;
				GCC_WARN_UNUSED_FUNCTION = YES;
				GCC_WARN_UNUSED_VARIABLE = YES;
				IPHONEOS_DEPLOYMENT_TARGET = 12.1;
				MTL_ENABLE_DEBUG_INFO = NO;
				MTL_FAST_MATH = YES;
				SDKROOT = iphoneos;
				VALIDATE_PRODUCT = YES;
			};
			name = Release;
		};
		F71DED6121F95B5E00944C45 /* Debug */ = {
			isa = XCBuildConfiguration;
			buildSettings = {
				ASSETCATALOG_COMPILER_APPICON_NAME = AppIcon;
				CODE_SIGN_STYLE = Automatic;
				INFOPLIST_FILE = Quiz/Info.plist;
				LD_RUNPATH_SEARCH_PATHS = (
					"$(inherited)",
					"@executable_path/Frameworks",
				);
				PRODUCT_BUNDLE_IDENTIFIER = awen.Quiz;
				PRODUCT_NAME = "$(TARGET_NAME)";
				TARGETED_DEVICE_FAMILY = "1,2";
			};
			name = Debug;
		};
		F71DED6221F95B5E00944C45 /* Release */ = {
			isa = XCBuildConfiguration;
			buildSettings = {
				ASSETCATALOG_COMPILER_APPICON_NAME = AppIcon;
				CODE_SIGN_STYLE = Automatic;
				INFOPLIST_FILE = Quiz/Info.plist;
				LD_RUNPATH_SEARCH_PATHS = (
					"$(inherited)",
					"@executable_path/Frameworks",
				);
				PRODUCT_BUNDLE_IDENTIFIER = awen.Quiz;
				PRODUCT_NAME = "$(TARGET_NAME)";
				TARGETED_DEVICE_FAMILY = "1,2";
			};
			name = Release;
		};
/* End XCBuildConfiguration section */

/* Begin XCConfigurationList section */
		F71DED4521F95B5E00944C45 /* Build configuration list for PBXProject "Quiz" */ = {
			isa = XCConfigurationList;
			buildConfigurations = (
				F71DED5E21F95B5E00944C45 /* Debug */,
				F71DED5F21F95B5E00944C45 /* Release */,
			);
			defaultConfigurationIsVisible = 0;
			defaultConfigurationName = Release;
		};
		F71DED6021F95B5E00944C45 /* Build configuration list for PBXNativeTarget "Quiz" */ = {
			isa = XCConfigurationList;
			buildConfigurations = (
				F71DED6121F95B5E00944C45 /* Debug */,
				F71DED6221F95B5E00944C45 /* Release */,
			);
			defaultConfigurationIsVisible = 0;
			defaultConfigurationName = Release;
		};
/* End XCConfigurationList section */
	};
	rootObject = F71DED4221F95B5E00944C45 /* Project object */;
}
